// !$*UTF8*$!
{
	archiveVersion = 1;
	classes = {
	};
	objectVersion = 46;
	objects = {

/* Begin PBXBuildFile section */
		613B8B8B1D49FFA5004F0096 /* AppDelegate.swift in Sources */ = {isa = PBXBuildFile; fileRef = 613B8B8A1D49FFA5004F0096 /* AppDelegate.swift */; };
		613B8B8D1D49FFA5004F0096 /* ViewController.swift in Sources */ = {isa = PBXBuildFile; fileRef = 613B8B8C1D49FFA5004F0096 /* ViewController.swift */; };
		613B8B901D49FFA5004F0096 /* Main.storyboard in Resources */ = {isa = PBXBuildFile; fileRef = 613B8B8E1D49FFA5004F0096 /* Main.storyboard */; };
		613B8B921D49FFA5004F0096 /* Assets.xcassets in Resources */ = {isa = PBXBuildFile; fileRef = 613B8B911D49FFA5004F0096 /* Assets.xcassets */; };
		613B8B951D49FFA5004F0096 /* LaunchScreen.storyboard in Resources */ = {isa = PBXBuildFile; fileRef = 613B8B931D49FFA5004F0096 /* LaunchScreen.storyboard */; };
		DFBF97C3564DAA5B7772AF4D /* Pods_Demo.framework in Frameworks */ = {isa = PBXBuildFile; fileRef = B5E27ECDD94B348639BF6552 /* Pods_Demo.framework */; };
/* End PBXBuildFile section */

/* Begin PBXFileReference section */
		251CA512B79F8DDCBC071520 /* Pods-Demo.release.xcconfig */ = {isa = PBXFileReference; includeInIndex = 1; lastKnownFileType = text.xcconfig; name = "Pods-Demo.release.xcconfig"; path = "Pods/Target Support Files/Pods-Demo/Pods-Demo.release.xcconfig"; sourceTree = "<group>"; };
		336179EFA670BE32AE74AC0B /* Pods-Demo.debug.xcconfig */ = {isa = PBXFileReference; includeInIndex = 1; lastKnownFileType = text.xcconfig; name = "Pods-Demo.debug.xcconfig"; path = "Pods/Target Support Files/Pods-Demo/Pods-Demo.debug.xcconfig"; sourceTree = "<group>"; };
		613B8B871D49FFA5004F0096 /* Demo.app */ = {isa = PBXFileReference; explicitFileType = wrapper.application; includeInIndex = 0; path = Demo.app; sourceTree = BUILT_PRODUCTS_DIR; };
		613B8B8A1D49FFA5004F0096 /* AppDelegate.swift */ = {isa = PBXFileReference; lastKnownFileType = sourcecode.swift; path = AppDelegate.swift; sourceTree = "<group>"; };
		613B8B8C1D49FFA5004F0096 /* ViewController.swift */ = {isa = PBXFileReference; lastKnownFileType = sourcecode.swift; path = ViewController.swift; sourceTree = "<group>"; };
		613B8B8F1D49FFA5004F0096 /* Base */ = {isa = PBXFileReference; lastKnownFileType = file.storyboard; name = Base; path = Base.lproj/Main.storyboard; sourceTree = "<group>"; };
		613B8B911D49FFA5004F0096 /* Assets.xcassets */ = {isa = PBXFileReference; lastKnownFileType = folder.assetcatalog; path = Assets.xcassets; sourceTree = "<group>"; };
		613B8B941D49FFA5004F0096 /* Base */ = {isa = PBXFileReference; lastKnownFileType = file.storyboard; name = Base; path = Base.lproj/LaunchScreen.storyboard; sourceTree = "<group>"; };
		613B8B961D49FFA5004F0096 /* Info.plist */ = {isa = PBXFileReference; lastKnownFileType = text.plist.xml; path = Info.plist; sourceTree = "<group>"; };
		B5E27ECDD94B348639BF6552 /* Pods_Demo.framework */ = {isa = PBXFileReference; explicitFileType = wrapper.framework; includeInIndex = 0; path = Pods_Demo.framework; sourceTree = BUILT_PRODUCTS_DIR; };
/* End PBXFileReference section */

/* Begin PBXFrameworksBuildPhase section */
		613B8B841D49FFA5004F0096 /* Frameworks */ = {
			isa = PBXFrameworksBuildPhase;
			buildActionMask = 2147483647;
			files = (
				DFBF97C3564DAA5B7772AF4D /* Pods_Demo.framework in Frameworks */,
			);
			runOnlyForDeploymentPostprocessing = 0;
		};
/* End PBXFrameworksBuildPhase section */

/* Begin PBXGroup section */
		613B8B7E1D49FFA5004F0096 = {
			isa = PBXGroup;
			children = (
				613B8B891D49FFA5004F0096 /* Demo */,
				613B8B881D49FFA5004F0096 /* Products */,
				66EB1E244D959EFE44DC9EB7 /* Pods */,
				9DE16CC86C3FDE55038B654C /* Frameworks */,
			);
			sourceTree = "<group>";
		};
		613B8B881D49FFA5004F0096 /* Products */ = {
			isa = PBXGroup;
			children = (
				613B8B871D49FFA5004F0096 /* Demo.app */,
			);
			name = Products;
			sourceTree = "<group>";
		};
		613B8B891D49FFA5004F0096 /* Demo */ = {
			isa = PBXGroup;
			children = (
				613B8B8A1D49FFA5004F0096 /* AppDelegate.swift */,
				613B8B8C1D49FFA5004F0096 /* ViewController.swift */,
				613B8B8E1D49FFA5004F0096 /* Main.storyboard */,
				613B8B911D49FFA5004F0096 /* Assets.xcassets */,
				613B8B931D49FFA5004F0096 /* LaunchScreen.storyboard */,
				613B8B961D49FFA5004F0096 /* Info.plist */,
			);
			path = Demo;
			sourceTree = "<group>";
		};
		66EB1E244D959EFE44DC9EB7 /* Pods */ = {
			isa = PBXGroup;
			children = (
				336179EFA670BE32AE74AC0B /* Pods-Demo.debug.xcconfig */,
				251CA512B79F8DDCBC071520 /* Pods-Demo.release.xcconfig */,
			);
			name = Pods;
			sourceTree = "<group>";
		};
		9DE16CC86C3FDE55038B654C /* Frameworks */ = {
			isa = PBXGroup;
			children = (
				B5E27ECDD94B348639BF6552 /* Pods_Demo.framework */,
			);
			name = Frameworks;
			sourceTree = "<group>";
		};
/* End PBXGroup section */

/* Begin PBXNativeTarget section */
		613B8B861D49FFA5004F0096 /* Demo */ = {
			isa = PBXNativeTarget;
			buildConfigurationList = 613B8B991D49FFA5004F0096 /* Build configuration list for PBXNativeTarget "Demo" */;
			buildPhases = (
				D9E4EB23021A219D70018191 /* [CP] Check Pods Manifest.lock */,
				613B8B831D49FFA5004F0096 /* Sources */,
				613B8B841D49FFA5004F0096 /* Frameworks */,
				613B8B851D49FFA5004F0096 /* Resources */,
				784EC96A62424CD71779962C /* [CP] Embed Pods Frameworks */,
				1E2728B38C7B02538560FB42 /* [CP] Copy Pods Resources */,
			);
			buildRules = (
			);
			dependencies = (
			);
			name = Demo;
			productName = Demo;
			productReference = 613B8B871D49FFA5004F0096 /* Demo.app */;
			productType = "com.apple.product-type.application";
		};
/* End PBXNativeTarget section */

/* Begin PBXProject section */
		613B8B7F1D49FFA5004F0096 /* Project object */ = {
			isa = PBXProject;
			attributes = {
				LastSwiftUpdateCheck = 0730;
				LastUpgradeCheck = 0730;
				ORGANIZATIONNAME = jerryshi;
				TargetAttributes = {
					613B8B861D49FFA5004F0096 = {
						CreatedOnToolsVersion = 7.3.1;
					};
				};
			};
			buildConfigurationList = 613B8B821D49FFA5004F0096 /* Build configuration list for PBXProject "Demo" */;
			compatibilityVersion = "Xcode 3.2";
			developmentRegion = English;
			hasScannedForEncodings = 0;
			knownRegions = (
				en,
				Base,
			);
			mainGroup = 613B8B7E1D49FFA5004F0096;
			productRefGroup = 613B8B881D49FFA5004F0096 /* Products */;
			projectDirPath = "";
			projectRoot = "";
			targets = (
				613B8B861D49FFA5004F0096 /* Demo */,
			);
		};
/* End PBXProject section */

/* Begin PBXResourcesBuildPhase section */
		613B8B851D49FFA5004F0096 /* Resources */ = {
			isa = PBXResourcesBuildPhase;
			buildActionMask = 2147483647;
			files = (
				613B8B951D49FFA5004F0096 /* LaunchScreen.storyboard in Resources */,
				613B8B921D49FFA5004F0096 /* Assets.xcassets in Resources */,
				613B8B901D49FFA5004F0096 /* Main.storyboard in Resources */,
			);
			runOnlyForDeploymentPostprocessing = 0;
		};
/* End PBXResourcesBuildPhase section */

/* Begin PBXShellScriptBuildPhase section */
		1E2728B38C7B02538560FB42 /* [CP] Copy Pods Resources */ = {
			isa = PBXShellScriptBuildPhase;
			buildActionMask = 2147483647;
			files = (
			);
			inputPaths = (
			);
			name = "[CP] Copy Pods Resources";
			outputPaths = (
			);
			runOnlyForDeploymentPostprocessing = 0;
			shellPath = /bin/sh;
			shellScript = "\"${SRCROOT}/Pods/Target Support Files/Pods-Demo/Pods-Demo-resources.sh\"\n";
			showEnvVarsInLog = 0;
		};
		784EC96A62424CD71779962C /* [CP] Embed Pods Frameworks */ = {
			isa = PBXShellScriptBuildPhase;
			buildActionMask = 2147483647;
			files = (
			);
			inputPaths = (
			);
			name = "[CP] Embed Pods Frameworks";
			outputPaths = (
			);
			runOnlyForDeploymentPostprocessing = 0;
			shellPath = /bin/sh;
			shellScript = "\"${SRCROOT}/Pods/Target Support Files/Pods-Demo/Pods-Demo-frameworks.sh\"\n";
			showEnvVarsInLog = 0;
		};
		D9E4EB23021A219D70018191 /* [CP] Check Pods Manifest.lock */ = {
			isa = PBXShellScriptBuildPhase;
			buildActionMask = 2147483647;
			files = (
			);
			inputPaths = (
			);
			name = "[CP] Check Pods Manifest.lock";
			outputPaths = (
			);
			runOnlyForDeploymentPostprocessing = 0;
			shellPath = /bin/sh;
			shellScript = "diff \"${PODS_ROOT}/../Podfile.lock\" \"${PODS_ROOT}/Manifest.lock\" > /dev/null\nif [[ $? != 0 ]] ; then\n    cat << EOM\nerror: The sandbox is not in sync with the Podfile.lock. Run 'pod install' or update your CocoaPods installation.\nEOM\n    exit 1\nfi\n";
			showEnvVarsInLog = 0;
		};
/* End PBXShellScriptBuildPhase section */

/* Begin PBXSourcesBuildPhase section */
		613B8B831D49FFA5004F0096 /* Sources */ = {
			isa = PBXSourcesBuildPhase;
			buildActionMask = 2147483647;
			files = (
				613B8B8D1D49FFA5004F0096 /* ViewController.swift in Sources */,
				613B8B8B1D49FFA5004F0096 /* AppDelegate.swift in Sources */,
			);
			runOnlyForDeploymentPostprocessing = 0;
		};
/* End PBXSourcesBuildPhase section */

/* Begin PBXVariantGroup section */
		613B8B8E1D49FFA5004F0096 /* Main.storyboard */ = {
			isa = PBXVariantGroup;
			children = (
				613B8B8F1D49FFA5004F0096 /* Base */,
			);
			name = Main.storyboard;
			sourceTree = "<group>";
		};
		613B8B931D49FFA5004F0096 /* LaunchScreen.storyboard */ = {
			isa = PBXVariantGroup;
			children = (
				613B8B941D49FFA5004F0096 /* Base */,
			);
			name = LaunchScreen.storyboard;
			sourceTree = "<group>";
		};
/* End PBXVariantGroup section */

/* Begin XCBuildConfiguration section */
		613B8B971D49FFA5004F0096 /* Debug */ = {
			isa = XCBuildConfiguration;
			buildSettings = {
				ALWAYS_SEARCH_USER_PATHS = NO;
				CLANG_ANALYZER_NONNULL = YES;
				CLANG_CXX_LANGUAGE_STANDARD = "gnu++0x";
				CLANG_CXX_LIBRARY = "libc++";
				CLANG_ENABLE_MODULES = YES;
				CLANG_ENABLE_OBJC_ARC = YES;
				CLANG_WARN_BOOL_CONVERSION = YES;
				CLANG_WARN_CONSTANT_CONVERSION = YES;
				CLANG_WARN_DIRECT_OBJC_ISA_USAGE = YES_ERROR;
				CLANG_WARN_EMPTY_BODY = YES;
				CLANG_WARN_ENUM_CONVERSION = YES;
				CLANG_WARN_INT_CONVERSION = YES;
				CLANG_WARN_OBJC_ROOT_CLASS = YES_ERROR;
				CLANG_WARN_UNREACHABLE_CODE = YES;
				CLANG_WARN__DUPLICATE_METHOD_MATCH = YES;
				"CODE_SIGN_IDENTITY[sdk=iphoneos*]" = "iPhone Developer";
				COPY_PHASE_STRIP = NO;
				DEBUG_INFORMATION_FORMAT = dwarf;
				ENABLE_STRICT_OBJC_MSGSEND = YES;
				ENABLE_TESTABILITY = YES;
				GCC_C_LANGUAGE_STANDARD = gnu99;
				GCC_DYNAMIC_NO_PIC = NO;
				GCC_NO_COMMON_BLOCKS = YES;
				GCC_OPTIMIZATION_LEVEL = 0;
				GCC_PREPROCESSOR_DEFINITIONS = (
					"DEBUG=1",
					"$(inherited)",
				);
				GCC_WARN_64_TO_32_BIT_CONVERSION = YES;
				GCC_WARN_ABOUT_RETURN_TYPE = YES_ERROR;
				GCC_WARN_UNDECLARED_SELECTOR = YES;
				GCC_WARN_UNINITIALIZED_AUTOS = YES_AGGRESSIVE;
				GCC_WARN_UNUSED_FUNCTION = YES;
				GCC_WARN_UNUSED_VARIABLE = YES;
				IPHONEOS_DEPLOYMENT_TARGET = 9.3;
				MTL_ENABLE_DEBUG_INFO = YES;
				ONLY_ACTIVE_ARCH = YES;
				SDKROOT = iphoneos;
				SWIFT_OPTIMIZATION_LEVEL = "-Onone";
			};
			name = Debug;
		};
		613B8B981D49FFA5004F0096 /* Release */ = {
			isa = XCBuildConfiguration;
			buildSettings = {
				ALWAYS_SEARCH_USER_PATHS = NO;
				CLANG_ANALYZER_NONNULL = YES;
				CLANG_CXX_LANGUAGE_STANDARD = "gnu++0x";
				CLANG_CXX_LIBRARY = "libc++";
				CLANG_ENABLE_MODULES = YES;
				CLANG_ENABLE_OBJC_ARC = YES;
				CLANG_WARN_BOOL_CONVERSION = YES;
				CLANG_WARN_CONSTANT_CONVERSION = YES;
				CLANG_WARN_DIRECT_OBJC_ISA_USAGE = YES_ERROR;
				CLANG_WARN_EMPTY_BODY = YES;
				CLANG_WARN_ENUM_CONVERSION = YES;
				CLANG_WARN_INT_CONVERSION = YES;
				CLANG_WARN_OBJC_ROOT_CLASS = YES_ERROR;
				CLANG_WARN_UNREACHABLE_CODE = YES;
				CLANG_WARN__DUPLICATE_METHOD_MATCH = YES;
				"CODE_SIGN_IDENTITY[sdk=iphoneos*]" = "iPhone Developer";
				COPY_PHASE_STRIP = NO;
				DEBUG_INFORMATION_FORMAT = "dwarf-with-dsym";
				ENABLE_NS_ASSERTIONS = NO;
				ENABLE_STRICT_OBJC_MSGSEND = YES;
				GCC_C_LANGUAGE_STANDARD = gnu99;
				GCC_NO_COMMON_BLOCKS = YES;
				GCC_WARN_64_TO_32_BIT_CONVERSION = YES;
				GCC_WARN_ABOUT_RETURN_TYPE = YES_ERROR;
				GCC_WARN_UNDECLARED_SELECTOR = YES;
				GCC_WARN_UNINITIALIZED_AUTOS = YES_AGGRESSIVE;
				GCC_WARN_UNUSED_FUNCTION = YES;
				GCC_WARN_UNUSED_VARIABLE = YES;
				IPHONEOS_DEPLOYMENT_TARGET = 9.3;
				MTL_ENABLE_DEBUG_INFO = NO;
				SDKROOT = iphoneos;
				VALIDATE_PRODUCT = YES;
			};
			name = Release;
		};
		613B8B9A1D49FFA5004F0096 /* Debug */ = {
			isa = XCBuildConfiguration;
			baseConfigurationReference = 336179EFA670BE32AE74AC0B /* Pods-Demo.debug.xcconfig */;
			buildSettings = {
				ASSETCATALOG_COMPILER_APPICON_NAME = AppIcon;
				INFOPLIST_FILE = Demo/Info.plist;
				LD_RUNPATH_SEARCH_PATHS = "$(inherited) @executable_path/Frameworks";
				PRODUCT_BUNDLE_IDENTIFIER = com.sharingames.Demo;
				PRODUCT_NAME = "$(TARGET_NAME)";
			};
			name = Debug;
		};
		613B8B9B1D49FFA5004F0096 /* Release */ = {
			isa = XCBuildConfiguration;
			baseConfigurationReference = 251CA512B79F8DDCBC071520 /* Pods-Demo.release.xcconfig */;
			buildSettings = {
				ASSETCATALOG_COMPILER_APPICON_NAME = AppIcon;
				INFOPLIST_FILE = Demo/Info.plist;
				LD_RUNPATH_SEARCH_PATHS = "$(inherited) @executable_path/Frameworks";
				PRODUCT_BUNDLE_IDENTIFIER = com.sharingames.Demo;
				PRODUCT_NAME = "$(TARGET_NAME)";
			};
			name = Release;
		};
/* End XCBuildConfiguration section */

/* Begin XCConfigurationList section */
		613B8B821D49FFA5004F0096 /* Build configuration list for PBXProject "Demo" */ = {
			isa = XCConfigurationList;
			buildConfigurations = (
				613B8B971D49FFA5004F0096 /* Debug */,
				613B8B981D49FFA5004F0096 /* Release */,
			);
			defaultConfigurationIsVisible = 0;
			defaultConfigurationName = Release;
		};
		613B8B991D49FFA5004F0096 /* Build configuration list for PBXNativeTarget "Demo" */ = {
			isa = XCConfigurationList;
			buildConfigurations = (
				613B8B9A1D49FFA5004F0096 /* Debug */,
				613B8B9B1D49FFA5004F0096 /* Release */,
			);
			defaultConfigurationIsVisible = 0;
			defaultConfigurationName = Release;
		};
/* End XCConfigurationList section */
	};
	rootObject = 613B8B7F1D49FFA5004F0096 /* Project object */;
}
